
Microsoft Visual Studio Solution File, Format Version 12.00
# Visual Studio 15
VisualStudioVersion = 15.0.27428.2005
MinimumVisualStudioVersion = 10.0.40219.1
Project("{FAE04EC0-301F-11D3-BF4B-00C04F79EFBC}") = "InchirieriAuto", "InchirieriAuto\InchirieriAuto.csproj", "{D3F1EA15-8CA5-41BC-BCC7-0820294ECC04}"
EndProject
Project("{2150E333-8FDC-42A3-9474-1A3956D46DE8}") = "Solution Items", "Solution Items", "{49877F2B-B10A-4597-BA0A-ABBBFAE61E73}"
EndProject
Project("{FAE04EC0-301F-11D3-BF4B-00C04F79EFBC}") = "AdministrareClienti", "AdministrareClienti\AdministrareClienti.csproj", "{BB56E219-0C2C-468E-B314-D1216BFDD38A}"
EndProject
Project("{FAE04EC0-301F-11D3-BF4B-00C04F79EFBC}") = "StocareDate", "StocareDate\StocareDate.csproj", "{C5820A4A-EE67-43B9-9712-DCA1E6BBFACF}"
EndProject
Global
	GlobalSection(SolutionConfigurationPlatforms) = preSolution
		Debug|Any CPU = Debug|Any CPU
		Release|Any CPU = Release|Any CPU
	EndGlobalSection
	GlobalSection(ProjectConfigurationPlatforms) = postSolution
		{D3F1EA15-8CA5-41BC-BCC7-0820294ECC04}.Debug|Any CPU.ActiveCfg = Debug|Any CPU
		{D3F1EA15-8CA5-41BC-BCC7-0820294ECC04}.Debug|Any CPU.Build.0 = Debug|Any CPU
		{D3F1EA15-8CA5-41BC-BCC7-0820294ECC04}.Release|Any CPU.ActiveCfg = Release|Any CPU
		{D3F1EA15-8CA5-41BC-BCC7-0820294ECC04}.Release|Any CPU.Build.0 = Release|Any CPU
		{BB56E219-0C2C-468E-B314-D1216BFDD38A}.Debug|Any CPU.ActiveCfg = Debug|Any CPU
		{BB56E219-0C2C-468E-B314-D1216BFDD38A}.Debug|Any CPU.Build.0 = Debug|Any CPU
		{BB56E219-0C2C-468E-B314-D1216BFDD38A}.Release|Any CPU.ActiveCfg = Release|Any CPU
		{BB56E219-0C2C-468E-B314-D1216BFDD38A}.Release|Any CPU.Build.0 = Release|Any CPU
		{C5820A4A-EE67-43B9-9712-DCA1E6BBFACF}.Debug|Any CPU.ActiveCfg = Debug|Any CPU
		{C5820A4A-EE67-43B9-9712-DCA1E6BBFACF}.Debug|Any CPU.Build.0 = Debug|Any CPU
		{C5820A4A-EE67-43B9-9712-DCA1E6BBFACF}.Release|Any CPU.ActiveCfg = Release|Any CPU
		{C5820A4A-EE67-43B9-9712-DCA1E6BBFACF}.Release|Any CPU.Build.0 = Release|Any CPU
	EndGlobalSection
	GlobalSection(SolutionProperties) = preSolution
		HideSolutionNode = FALSE
	EndGlobalSection
	GlobalSection(NestedProjects) = preSolution
		{BB56E219-0C2C-468E-B314-D1216BFDD38A} = {49877F2B-B10A-4597-BA0A-ABBBFAE61E73}
	EndGlobalSection
	GlobalSection(ExtensibilityGlobals) = postSolution
		SolutionGuid = {87AA2C55-BAFA-4C76-A224-5F7875BB6596}
	EndGlobalSection
EndGlobal
